// !$*UTF8*$!
{
	archiveVersion = 1;
	classes = {
	};
	objectVersion = 50;
	objects = {

/* Begin PBXBuildFile section */
		E62349C321EE10D800AFB0BA /* AppDelegate.swift in Sources */ = {isa = PBXBuildFile; fileRef = E62349C221EE10D800AFB0BA /* AppDelegate.swift */; };
		E62349C521EE10D800AFB0BA /* ViewController.swift in Sources */ = {isa = PBXBuildFile; fileRef = E62349C421EE10D800AFB0BA /* ViewController.swift */; };
		E62349C821EE10D800AFB0BA /* Main.storyboard in Resources */ = {isa = PBXBuildFile; fileRef = E62349C621EE10D800AFB0BA /* Main.storyboard */; };
		E62349CA21EE10DA00AFB0BA /* Assets.xcassets in Resources */ = {isa = PBXBuildFile; fileRef = E62349C921EE10DA00AFB0BA /* Assets.xcassets */; };
		E62349CD21EE10DA00AFB0BA /* LaunchScreen.storyboard in Resources */ = {isa = PBXBuildFile; fileRef = E62349CB21EE10DA00AFB0BA /* LaunchScreen.storyboard */; };
		E627993B21F8BFFF00BE252C /* InputViewController.swift in Sources */ = {isa = PBXBuildFile; fileRef = E627993A21F8BFFF00BE252C /* InputViewController.swift */; };
		E627994721F8C53800BE252C /* TextInputConfigurable.swift in Sources */ = {isa = PBXBuildFile; fileRef = E627994621F8C53800BE252C /* TextInputConfigurable.swift */; };
		E627994921F8C57B00BE252C /* AppVersionConfigurable.swift in Sources */ = {isa = PBXBuildFile; fileRef = E627994821F8C57B00BE252C /* AppVersionConfigurable.swift */; };
		E627994C21F8C5CD00BE252C /* DependencyCoordinator+Setup.swift in Sources */ = {isa = PBXBuildFile; fileRef = E627994B21F8C5CD00BE252C /* DependencyCoordinator+Setup.swift */; };
		E627994E21F8C5FF00BE252C /* TextDisplaConfigurable.swift in Sources */ = {isa = PBXBuildFile; fileRef = E627994D21F8C5FF00BE252C /* TextDisplaConfigurable.swift */; };
		E627995021F9AFC000BE252C /* TextDisplayViewController.swift in Sources */ = {isa = PBXBuildFile; fileRef = E627994F21F9AFC000BE252C /* TextDisplayViewController.swift */; };
		E627995621F9D4B900BE252C /* MHDependencyKit.framework in Frameworks */ = {isa = PBXBuildFile; fileRef = E691D610213D2AE2008A3B2E /* MHDependencyKit.framework */; };
		E627995721F9D4B900BE252C /* MHDependencyKit.framework in Embed Frameworks */ = {isa = PBXBuildFile; fileRef = E691D610213D2AE2008A3B2E /* MHDependencyKit.framework */; settings = {ATTRIBUTES = (CodeSignOnCopy, RemoveHeadersOnCopy, ); }; };
		E627995C21F9DA1000BE252C /* UIViewControllerConsumerContextDependencyResolver.swift in Sources */ = {isa = PBXBuildFile; fileRef = E627995B21F9DA1000BE252C /* UIViewControllerConsumerContextDependencyResolver.swift */; };
		E627996021F9EA6000BE252C /* ContextTextDisplayViewController.swift in Sources */ = {isa = PBXBuildFile; fileRef = E627995F21F9EA6000BE252C /* ContextTextDisplayViewController.swift */; };
		E627996221F9EA8B00BE252C /* ContextTextDisplaConfigurable.swift in Sources */ = {isa = PBXBuildFile; fileRef = E627996121F9EA8B00BE252C /* ContextTextDisplaConfigurable.swift */; };
		E68D6BE2217DFE240081C8A6 /* UIStoryboardSegueDependencyResolver.swift in Sources */ = {isa = PBXBuildFile; fileRef = E68D6BE1217DFE240081C8A6 /* UIStoryboardSegueDependencyResolver.swift */; };
		E68D6BE7217DFFB80081C8A6 /* UIViewController+DependencyCoordinator.h in Headers */ = {isa = PBXBuildFile; fileRef = E68D6BE5217DFFB80081C8A6 /* UIViewController+DependencyCoordinator.h */; };
		E68D6BE8217DFFB80081C8A6 /* UIViewController+DependencyCoordinator.m in Sources */ = {isa = PBXBuildFile; fileRef = E68D6BE6217DFFB80081C8A6 /* UIViewController+DependencyCoordinator.m */; };
		E68D6BEA217E00230081C8A6 /* UIViewController+DependencyCoordinator.swift in Sources */ = {isa = PBXBuildFile; fileRef = E68D6BE9217E00230081C8A6 /* UIViewController+DependencyCoordinator.swift */; };
		E68D6BEC217E07000081C8A6 /* DependencyCoordinator+UIStoryboardSegue.swift in Sources */ = {isa = PBXBuildFile; fileRef = E68D6BEB217E07000081C8A6 /* DependencyCoordinator+UIStoryboardSegue.swift */; };
		E68D6BEE217E0CF60081C8A6 /* UIStoryboardSegueDependencyResolverTests.swift in Sources */ = {isa = PBXBuildFile; fileRef = E68D6BED217E0CF60081C8A6 /* UIStoryboardSegueDependencyResolverTests.swift */; };
		E68F12592165019E00386FF5 /* DependencyResolver.swift in Sources */ = {isa = PBXBuildFile; fileRef = E6908BEB216413DF00E196C9 /* DependencyResolver.swift */; };
		E68F125A2165019E00386FF5 /* AnyDependencyResolver.swift in Sources */ = {isa = PBXBuildFile; fileRef = E6908BED216413F000E196C9 /* AnyDependencyResolver.swift */; };
		E68F125B2165019E00386FF5 /* AnyConsumerDependencyResolver.swift in Sources */ = {isa = PBXBuildFile; fileRef = E6908BEF2164193400E196C9 /* AnyConsumerDependencyResolver.swift */; };
		E68F125C2165019E00386FF5 /* UIViewControllerDependencyResolver.swift in Sources */ = {isa = PBXBuildFile; fileRef = E68F12492164C70600386FF5 /* UIViewControllerDependencyResolver.swift */; };
		E68F125E2165351D00386FF5 /* UIViewControllerConsumerDependencyResolver.swift in Sources */ = {isa = PBXBuildFile; fileRef = E68F125D2165351D00386FF5 /* UIViewControllerConsumerDependencyResolver.swift */; };
		E68F12602165359100386FF5 /* ConsumerDependencyResolver.swift in Sources */ = {isa = PBXBuildFile; fileRef = E68F125F2165359100386FF5 /* ConsumerDependencyResolver.swift */; };
		E68F126221653AC700386FF5 /* UIViewController+Lookup.swift in Sources */ = {isa = PBXBuildFile; fileRef = E68F126121653AC700386FF5 /* UIViewController+Lookup.swift */; };
		E68F126421654F7200386FF5 /* ConsumerDependencyResolverTests.swift in Sources */ = {isa = PBXBuildFile; fileRef = E68F126321654F7200386FF5 /* ConsumerDependencyResolverTests.swift */; };
		E68F12662165565300386FF5 /* UIViewControllerDependencyResolverTests.swift in Sources */ = {isa = PBXBuildFile; fileRef = E68F12652165565300386FF5 /* UIViewControllerDependencyResolverTests.swift */; };
		E68F12682165565F00386FF5 /* UIViewControllerConsumerDependencyResolverTests.swift in Sources */ = {isa = PBXBuildFile; fileRef = E68F12672165565F00386FF5 /* UIViewControllerConsumerDependencyResolverTests.swift */; };
		E68F126A2165575E00386FF5 /* UIViewControllerContextDependencyResolver.swift in Sources */ = {isa = PBXBuildFile; fileRef = E68F12692165575E00386FF5 /* UIViewControllerContextDependencyResolver.swift */; };
		E68F126C2165599B00386FF5 /* UIViewControllerContextDependencyResolverTests.swift in Sources */ = {isa = PBXBuildFile; fileRef = E68F126B2165599B00386FF5 /* UIViewControllerContextDependencyResolverTests.swift */; };
		E6908BF221641EF000E196C9 /* DependencyResolverTests.swift in Sources */ = {isa = PBXBuildFile; fileRef = E6908BF121641EF000E196C9 /* DependencyResolverTests.swift */; };
		E6908BF42164229E00E196C9 /* DependencyCoordinatorTests.swift in Sources */ = {isa = PBXBuildFile; fileRef = E6908BF32164229E00E196C9 /* DependencyCoordinatorTests.swift */; };
		E691D61A213D2AE2008A3B2E /* MHDependencyKit.framework in Frameworks */ = {isa = PBXBuildFile; fileRef = E691D610213D2AE2008A3B2E /* MHDependencyKit.framework */; };
		E691D61F213D2AE2008A3B2E /* MHDependencyKitTests.swift in Sources */ = {isa = PBXBuildFile; fileRef = E691D61E213D2AE2008A3B2E /* MHDependencyKitTests.swift */; };
		E691D621213D2AE2008A3B2E /* MHDependencyKit.h in Headers */ = {isa = PBXBuildFile; fileRef = E691D613213D2AE2008A3B2E /* MHDependencyKit.h */; settings = {ATTRIBUTES = (Public, ); }; };
		E691D634213D2C12008A3B2E /* MHDependencyKit.swift in Sources */ = {isa = PBXBuildFile; fileRef = E691D633213D2C12008A3B2E /* MHDependencyKit.swift */; };
		E691D638213D2C80008A3B2E /* XCTestExtensions.swift in Sources */ = {isa = PBXBuildFile; fileRef = E691D637213D2C7F008A3B2E /* XCTestExtensions.swift */; };
		E691D63A213D2CEE008A3B2E /* ViewController.swift in Sources */ = {isa = PBXBuildFile; fileRef = E691D639213D2CEE008A3B2E /* ViewController.swift */; };
		E691D63D213D2DDC008A3B2E /* DependencyCoordinator.swift in Sources */ = {isa = PBXBuildFile; fileRef = E691D63C213D2DDC008A3B2E /* DependencyCoordinator.swift */; };
		E6A2C5E523D6087200DF00B4 /* ColoredViewController.swift in Sources */ = {isa = PBXBuildFile; fileRef = E6A2C5E423D6087200DF00B4 /* ColoredViewController.swift */; };
		E6A2C5E723D6FAF600DF00B4 /* Branching.storyboard in Resources */ = {isa = PBXBuildFile; fileRef = E6A2C5E623D6FAF600DF00B4 /* Branching.storyboard */; };
		E6A2C5E923D6FB3E00DF00B4 /* ReplaceAllSegue.swift in Sources */ = {isa = PBXBuildFile; fileRef = E6A2C5E823D6FB3E00DF00B4 /* ReplaceAllSegue.swift */; };
		E6A2C5EB23D6FC2F00DF00B4 /* ColorConfigurable.swift in Sources */ = {isa = PBXBuildFile; fileRef = E6A2C5EA23D6FC2F00DF00B4 /* ColorConfigurable.swift */; };
		E6A2C5ED23D6FC7A00DF00B4 /* ColorSelectionViewController.swift in Sources */ = {isa = PBXBuildFile; fileRef = E6A2C5EC23D6FC7A00DF00B4 /* ColorSelectionViewController.swift */; };
		E6A2C5EF23D6FC8600DF00B4 /* ColoredTabBarController.swift in Sources */ = {isa = PBXBuildFile; fileRef = E6A2C5EE23D6FC8600DF00B4 /* ColoredTabBarController.swift */; };
		E6DA206E222978C300DB24FA /* WeakReferenceWrapper.swift in Sources */ = {isa = PBXBuildFile; fileRef = E6DA206D222978C300DB24FA /* WeakReferenceWrapper.swift */; };
		E6F6C7B5237446E1006DE788 /* UIViewController+TemporaryDependencyCoordinator.swift in Sources */ = {isa = PBXBuildFile; fileRef = E6F6C7B4237446E1006DE788 /* UIViewController+TemporaryDependencyCoordinator.swift */; };
		E6F6C7B7237446F1006DE788 /* UIViewController+WorkflowDependencyCoordinator.swift in Sources */ = {isa = PBXBuildFile; fileRef = E6F6C7B6237446F1006DE788 /* UIViewController+WorkflowDependencyCoordinator.swift */; };
		E6F6C7B923744707006DE788 /* WorkflowDependencyCoordinatorTests.swift in Sources */ = {isa = PBXBuildFile; fileRef = E6F6C7B823744707006DE788 /* WorkflowDependencyCoordinatorTests.swift */; };
		E6F6C7BB23744718006DE788 /* TemporaryDependencyCoordinatorTests.swift in Sources */ = {isa = PBXBuildFile; fileRef = E6F6C7BA23744718006DE788 /* TemporaryDependencyCoordinatorTests.swift */; };
/* End PBXBuildFile section */

/* Begin PBXContainerItemProxy section */
		E627995821F9D4B900BE252C /* PBXContainerItemProxy */ = {
			isa = PBXContainerItemProxy;
			containerPortal = E691D607213D2AE2008A3B2E /* Project object */;
			proxyType = 1;
			remoteGlobalIDString = E691D60F213D2AE2008A3B2E;
			remoteInfo = MHDependencyKit;
		};
		E691D61B213D2AE2008A3B2E /* PBXContainerItemProxy */ = {
			isa = PBXContainerItemProxy;
			containerPortal = E691D607213D2AE2008A3B2E /* Project object */;
			proxyType = 1;
			remoteGlobalIDString = E691D60F213D2AE2008A3B2E;
			remoteInfo = MHDependencyKit;
		};
/* End PBXContainerItemProxy section */

/* Begin PBXCopyFilesBuildPhase section */
		E627995A21F9D4BA00BE252C /* Embed Frameworks */ = {
			isa = PBXCopyFilesBuildPhase;
			buildActionMask = 2147483647;
			dstPath = "";
			dstSubfolderSpec = 10;
			files = (
				E627995721F9D4B900BE252C /* MHDependencyKit.framework in Embed Frameworks */,
			);
			name = "Embed Frameworks";
			runOnlyForDeploymentPostprocessing = 0;
		};
/* End PBXCopyFilesBuildPhase section */

/* Begin PBXFileReference section */
		E62349C021EE10D800AFB0BA /* Example.app */ = {isa = PBXFileReference; explicitFileType = wrapper.application; includeInIndex = 0; path = Example.app; sourceTree = BUILT_PRODUCTS_DIR; };
		E62349C221EE10D800AFB0BA /* AppDelegate.swift */ = {isa = PBXFileReference; lastKnownFileType = sourcecode.swift; path = AppDelegate.swift; sourceTree = "<group>"; };
		E62349C421EE10D800AFB0BA /* ViewController.swift */ = {isa = PBXFileReference; lastKnownFileType = sourcecode.swift; path = ViewController.swift; sourceTree = "<group>"; };
		E62349C721EE10D800AFB0BA /* Base */ = {isa = PBXFileReference; lastKnownFileType = file.storyboard; name = Base; path = Base.lproj/Main.storyboard; sourceTree = "<group>"; };
		E62349C921EE10DA00AFB0BA /* Assets.xcassets */ = {isa = PBXFileReference; lastKnownFileType = folder.assetcatalog; path = Assets.xcassets; sourceTree = "<group>"; };
		E62349CC21EE10DA00AFB0BA /* Base */ = {isa = PBXFileReference; lastKnownFileType = file.storyboard; name = Base; path = Base.lproj/LaunchScreen.storyboard; sourceTree = "<group>"; };
		E62349CE21EE10DA00AFB0BA /* Info.plist */ = {isa = PBXFileReference; lastKnownFileType = text.plist.xml; path = Info.plist; sourceTree = "<group>"; };
		E627993921F8BD0B00BE252C /* MHDependencyKit.podspec */ = {isa = PBXFileReference; lastKnownFileType = text; path = MHDependencyKit.podspec; sourceTree = "<group>"; xcLanguageSpecificationIdentifier = xcode.lang.ruby; };
		E627993A21F8BFFF00BE252C /* InputViewController.swift */ = {isa = PBXFileReference; lastKnownFileType = sourcecode.swift; path = InputViewController.swift; sourceTree = "<group>"; };
		E627994621F8C53800BE252C /* TextInputConfigurable.swift */ = {isa = PBXFileReference; lastKnownFileType = sourcecode.swift; path = TextInputConfigurable.swift; sourceTree = "<group>"; };
		E627994821F8C57B00BE252C /* AppVersionConfigurable.swift */ = {isa = PBXFileReference; lastKnownFileType = sourcecode.swift; path = AppVersionConfigurable.swift; sourceTree = "<group>"; };
		E627994B21F8C5CD00BE252C /* DependencyCoordinator+Setup.swift */ = {isa = PBXFileReference; lastKnownFileType = sourcecode.swift; path = "DependencyCoordinator+Setup.swift"; sourceTree = "<group>"; };
		E627994D21F8C5FF00BE252C /* TextDisplaConfigurable.swift */ = {isa = PBXFileReference; lastKnownFileType = sourcecode.swift; path = TextDisplaConfigurable.swift; sourceTree = "<group>"; };
		E627994F21F9AFC000BE252C /* TextDisplayViewController.swift */ = {isa = PBXFileReference; lastKnownFileType = sourcecode.swift; path = TextDisplayViewController.swift; sourceTree = "<group>"; };
		E627995B21F9DA1000BE252C /* UIViewControllerConsumerContextDependencyResolver.swift */ = {isa = PBXFileReference; lastKnownFileType = sourcecode.swift; path = UIViewControllerConsumerContextDependencyResolver.swift; sourceTree = "<group>"; };
		E627995F21F9EA6000BE252C /* ContextTextDisplayViewController.swift */ = {isa = PBXFileReference; lastKnownFileType = sourcecode.swift; path = ContextTextDisplayViewController.swift; sourceTree = "<group>"; };
		E627996121F9EA8B00BE252C /* ContextTextDisplaConfigurable.swift */ = {isa = PBXFileReference; lastKnownFileType = sourcecode.swift; path = ContextTextDisplaConfigurable.swift; sourceTree = "<group>"; };
		E678F2F0217F47BE00FE9AF1 /* LICENSE */ = {isa = PBXFileReference; lastKnownFileType = text; path = LICENSE; sourceTree = "<group>"; };
		E68D6BE1217DFE240081C8A6 /* UIStoryboardSegueDependencyResolver.swift */ = {isa = PBXFileReference; lastKnownFileType = sourcecode.swift; path = UIStoryboardSegueDependencyResolver.swift; sourceTree = "<group>"; };
		E68D6BE5217DFFB80081C8A6 /* UIViewController+DependencyCoordinator.h */ = {isa = PBXFileReference; lastKnownFileType = sourcecode.c.h; path = "UIViewController+DependencyCoordinator.h"; sourceTree = "<group>"; };
		E68D6BE6217DFFB80081C8A6 /* UIViewController+DependencyCoordinator.m */ = {isa = PBXFileReference; lastKnownFileType = sourcecode.c.objc; path = "UIViewController+DependencyCoordinator.m"; sourceTree = "<group>"; };
		E68D6BE9217E00230081C8A6 /* UIViewController+DependencyCoordinator.swift */ = {isa = PBXFileReference; lastKnownFileType = sourcecode.swift; path = "UIViewController+DependencyCoordinator.swift"; sourceTree = "<group>"; };
		E68D6BEB217E07000081C8A6 /* DependencyCoordinator+UIStoryboardSegue.swift */ = {isa = PBXFileReference; lastKnownFileType = sourcecode.swift; path = "DependencyCoordinator+UIStoryboardSegue.swift"; sourceTree = "<group>"; };
		E68D6BED217E0CF60081C8A6 /* UIStoryboardSegueDependencyResolverTests.swift */ = {isa = PBXFileReference; lastKnownFileType = sourcecode.swift; path = UIStoryboardSegueDependencyResolverTests.swift; sourceTree = "<group>"; };
		E68F12492164C70600386FF5 /* UIViewControllerDependencyResolver.swift */ = {isa = PBXFileReference; lastKnownFileType = sourcecode.swift; path = UIViewControllerDependencyResolver.swift; sourceTree = "<group>"; };
		E68F125D2165351D00386FF5 /* UIViewControllerConsumerDependencyResolver.swift */ = {isa = PBXFileReference; lastKnownFileType = sourcecode.swift; path = UIViewControllerConsumerDependencyResolver.swift; sourceTree = "<group>"; };
		E68F125F2165359100386FF5 /* ConsumerDependencyResolver.swift */ = {isa = PBXFileReference; lastKnownFileType = sourcecode.swift; path = ConsumerDependencyResolver.swift; sourceTree = "<group>"; };
		E68F126121653AC700386FF5 /* UIViewController+Lookup.swift */ = {isa = PBXFileReference; lastKnownFileType = sourcecode.swift; path = "UIViewController+Lookup.swift"; sourceTree = "<group>"; };
		E68F126321654F7200386FF5 /* ConsumerDependencyResolverTests.swift */ = {isa = PBXFileReference; lastKnownFileType = sourcecode.swift; path = ConsumerDependencyResolverTests.swift; sourceTree = "<group>"; };
		E68F12652165565300386FF5 /* UIViewControllerDependencyResolverTests.swift */ = {isa = PBXFileReference; lastKnownFileType = sourcecode.swift; path = UIViewControllerDependencyResolverTests.swift; sourceTree = "<group>"; };
		E68F12672165565F00386FF5 /* UIViewControllerConsumerDependencyResolverTests.swift */ = {isa = PBXFileReference; lastKnownFileType = sourcecode.swift; path = UIViewControllerConsumerDependencyResolverTests.swift; sourceTree = "<group>"; };
		E68F12692165575E00386FF5 /* UIViewControllerContextDependencyResolver.swift */ = {isa = PBXFileReference; lastKnownFileType = sourcecode.swift; path = UIViewControllerContextDependencyResolver.swift; sourceTree = "<group>"; };
		E68F126B2165599B00386FF5 /* UIViewControllerContextDependencyResolverTests.swift */ = {isa = PBXFileReference; lastKnownFileType = sourcecode.swift; path = UIViewControllerContextDependencyResolverTests.swift; sourceTree = "<group>"; };
		E6908BEB216413DF00E196C9 /* DependencyResolver.swift */ = {isa = PBXFileReference; lastKnownFileType = sourcecode.swift; path = DependencyResolver.swift; sourceTree = "<group>"; };
		E6908BED216413F000E196C9 /* AnyDependencyResolver.swift */ = {isa = PBXFileReference; lastKnownFileType = sourcecode.swift; path = AnyDependencyResolver.swift; sourceTree = "<group>"; };
		E6908BEF2164193400E196C9 /* AnyConsumerDependencyResolver.swift */ = {isa = PBXFileReference; lastKnownFileType = sourcecode.swift; path = AnyConsumerDependencyResolver.swift; sourceTree = "<group>"; };
		E6908BF121641EF000E196C9 /* DependencyResolverTests.swift */ = {isa = PBXFileReference; lastKnownFileType = sourcecode.swift; path = DependencyResolverTests.swift; sourceTree = "<group>"; };
		E6908BF32164229E00E196C9 /* DependencyCoordinatorTests.swift */ = {isa = PBXFileReference; lastKnownFileType = sourcecode.swift; path = DependencyCoordinatorTests.swift; sourceTree = "<group>"; };
		E691D610213D2AE2008A3B2E /* MHDependencyKit.framework */ = {isa = PBXFileReference; explicitFileType = wrapper.framework; includeInIndex = 0; path = MHDependencyKit.framework; sourceTree = BUILT_PRODUCTS_DIR; };
		E691D613213D2AE2008A3B2E /* MHDependencyKit.h */ = {isa = PBXFileReference; lastKnownFileType = sourcecode.c.h; path = MHDependencyKit.h; sourceTree = "<group>"; };
		E691D614213D2AE2008A3B2E /* Info.plist */ = {isa = PBXFileReference; lastKnownFileType = text.plist.xml; path = Info.plist; sourceTree = "<group>"; };
		E691D619213D2AE2008A3B2E /* MHDependencyKitTests.xctest */ = {isa = PBXFileReference; explicitFileType = wrapper.cfbundle; includeInIndex = 0; path = MHDependencyKitTests.xctest; sourceTree = BUILT_PRODUCTS_DIR; };
		E691D61E213D2AE2008A3B2E /* MHDependencyKitTests.swift */ = {isa = PBXFileReference; lastKnownFileType = sourcecode.swift; path = MHDependencyKitTests.swift; sourceTree = "<group>"; };
		E691D620213D2AE2008A3B2E /* Info.plist */ = {isa = PBXFileReference; lastKnownFileType = text.plist.xml; path = Info.plist; sourceTree = "<group>"; };
		E691D62A213D2B0E008A3B2E /* README.md */ = {isa = PBXFileReference; lastKnownFileType = net.daringfireball.markdown; path = README.md; sourceTree = "<group>"; };
		E691D633213D2C12008A3B2E /* MHDependencyKit.swift */ = {isa = PBXFileReference; lastKnownFileType = sourcecode.swift; path = MHDependencyKit.swift; sourceTree = "<group>"; };
		E691D637213D2C7F008A3B2E /* XCTestExtensions.swift */ = {isa = PBXFileReference; fileEncoding = 4; lastKnownFileType = sourcecode.swift; path = XCTestExtensions.swift; sourceTree = "<group>"; };
		E691D639213D2CEE008A3B2E /* ViewController.swift */ = {isa = PBXFileReference; lastKnownFileType = sourcecode.swift; path = ViewController.swift; sourceTree = "<group>"; };
		E691D63C213D2DDC008A3B2E /* DependencyCoordinator.swift */ = {isa = PBXFileReference; lastKnownFileType = sourcecode.swift; path = DependencyCoordinator.swift; sourceTree = "<group>"; };
		E6A2C5E423D6087200DF00B4 /* ColoredViewController.swift */ = {isa = PBXFileReference; lastKnownFileType = sourcecode.swift; path = ColoredViewController.swift; sourceTree = "<group>"; };
		E6A2C5E623D6FAF600DF00B4 /* Branching.storyboard */ = {isa = PBXFileReference; lastKnownFileType = file.storyboard; path = Branching.storyboard; sourceTree = "<group>"; };
		E6A2C5E823D6FB3E00DF00B4 /* ReplaceAllSegue.swift */ = {isa = PBXFileReference; lastKnownFileType = sourcecode.swift; path = ReplaceAllSegue.swift; sourceTree = "<group>"; };
		E6A2C5EA23D6FC2F00DF00B4 /* ColorConfigurable.swift */ = {isa = PBXFileReference; lastKnownFileType = sourcecode.swift; path = ColorConfigurable.swift; sourceTree = "<group>"; };
		E6A2C5EC23D6FC7A00DF00B4 /* ColorSelectionViewController.swift */ = {isa = PBXFileReference; lastKnownFileType = sourcecode.swift; path = ColorSelectionViewController.swift; sourceTree = "<group>"; };
		E6A2C5EE23D6FC8600DF00B4 /* ColoredTabBarController.swift */ = {isa = PBXFileReference; lastKnownFileType = sourcecode.swift; path = ColoredTabBarController.swift; sourceTree = "<group>"; };
		E6DA206D222978C300DB24FA /* WeakReferenceWrapper.swift */ = {isa = PBXFileReference; lastKnownFileType = sourcecode.swift; path = WeakReferenceWrapper.swift; sourceTree = "<group>"; };
		E6F6C7B4237446E1006DE788 /* UIViewController+TemporaryDependencyCoordinator.swift */ = {isa = PBXFileReference; lastKnownFileType = sourcecode.swift; path = "UIViewController+TemporaryDependencyCoordinator.swift"; sourceTree = "<group>"; };
		E6F6C7B6237446F1006DE788 /* UIViewController+WorkflowDependencyCoordinator.swift */ = {isa = PBXFileReference; lastKnownFileType = sourcecode.swift; path = "UIViewController+WorkflowDependencyCoordinator.swift"; sourceTree = "<group>"; };
		E6F6C7B823744707006DE788 /* WorkflowDependencyCoordinatorTests.swift */ = {isa = PBXFileReference; lastKnownFileType = sourcecode.swift; path = WorkflowDependencyCoordinatorTests.swift; sourceTree = "<group>"; };
		E6F6C7BA23744718006DE788 /* TemporaryDependencyCoordinatorTests.swift */ = {isa = PBXFileReference; lastKnownFileType = sourcecode.swift; path = TemporaryDependencyCoordinatorTests.swift; sourceTree = "<group>"; };
/* End PBXFileReference section */

/* Begin PBXFrameworksBuildPhase section */
		E62349BD21EE10D800AFB0BA /* Frameworks */ = {
			isa = PBXFrameworksBuildPhase;
			buildActionMask = 2147483647;
			files = (
				E627995621F9D4B900BE252C /* MHDependencyKit.framework in Frameworks */,
			);
			runOnlyForDeploymentPostprocessing = 0;
		};
		E691D60C213D2AE2008A3B2E /* Frameworks */ = {
			isa = PBXFrameworksBuildPhase;
			buildActionMask = 2147483647;
			files = (
			);
			runOnlyForDeploymentPostprocessing = 0;
		};
		E691D616213D2AE2008A3B2E /* Frameworks */ = {
			isa = PBXFrameworksBuildPhase;
			buildActionMask = 2147483647;
			files = (
				E691D61A213D2AE2008A3B2E /* MHDependencyKit.framework in Frameworks */,
			);
			runOnlyForDeploymentPostprocessing = 0;
		};
/* End PBXFrameworksBuildPhase section */

/* Begin PBXGroup section */
		E62349C121EE10D800AFB0BA /* Example */ = {
			isa = PBXGroup;
			children = (
				E62349C221EE10D800AFB0BA /* AppDelegate.swift */,
				E627994B21F8C5CD00BE252C /* DependencyCoordinator+Setup.swift */,
				E6A2C5E823D6FB3E00DF00B4 /* ReplaceAllSegue.swift */,
				E627994A21F8C5A900BE252C /* Configurables */,
				E627995121F9AFD500BE252C /* ViewControllers */,
				E62349C621EE10D800AFB0BA /* Main.storyboard */,
				E6A2C5E623D6FAF600DF00B4 /* Branching.storyboard */,
				E62349C921EE10DA00AFB0BA /* Assets.xcassets */,
				E62349CB21EE10DA00AFB0BA /* LaunchScreen.storyboard */,
				E62349CE21EE10DA00AFB0BA /* Info.plist */,
			);
			path = Example;
			sourceTree = "<group>";
		};
		E627994A21F8C5A900BE252C /* Configurables */ = {
			isa = PBXGroup;
			children = (
				E627994621F8C53800BE252C /* TextInputConfigurable.swift */,
				E627994D21F8C5FF00BE252C /* TextDisplaConfigurable.swift */,
				E627996121F9EA8B00BE252C /* ContextTextDisplaConfigurable.swift */,
				E627994821F8C57B00BE252C /* AppVersionConfigurable.swift */,
				E6A2C5EA23D6FC2F00DF00B4 /* ColorConfigurable.swift */,
			);
			path = Configurables;
			sourceTree = "<group>";
		};
		E627995121F9AFD500BE252C /* ViewControllers */ = {
			isa = PBXGroup;
			children = (
				E62349C421EE10D800AFB0BA /* ViewController.swift */,
				E627993A21F8BFFF00BE252C /* InputViewController.swift */,
				E627994F21F9AFC000BE252C /* TextDisplayViewController.swift */,
				E627995F21F9EA6000BE252C /* ContextTextDisplayViewController.swift */,
				E6A2C5E423D6087200DF00B4 /* ColoredViewController.swift */,
				E6A2C5EC23D6FC7A00DF00B4 /* ColorSelectionViewController.swift */,
				E6A2C5EE23D6FC8600DF00B4 /* ColoredTabBarController.swift */,
			);
			path = ViewControllers;
			sourceTree = "<group>";
		};
		E68D6BE3217DFF830081C8A6 /* Resolvers */ = {
			isa = PBXGroup;
			children = (
				E68F12492164C70600386FF5 /* UIViewControllerDependencyResolver.swift */,
				E68F125D2165351D00386FF5 /* UIViewControllerConsumerDependencyResolver.swift */,
				E68F12692165575E00386FF5 /* UIViewControllerContextDependencyResolver.swift */,
				E627995B21F9DA1000BE252C /* UIViewControllerConsumerContextDependencyResolver.swift */,
				E68D6BE1217DFE240081C8A6 /* UIStoryboardSegueDependencyResolver.swift */,
			);
			path = Resolvers;
			sourceTree = "<group>";
		};
		E68D6BE4217DFF980081C8A6 /* Extensions */ = {
			isa = PBXGroup;
			children = (
				E68F126121653AC700386FF5 /* UIViewController+Lookup.swift */,
				E68D6BE5217DFFB80081C8A6 /* UIViewController+DependencyCoordinator.h */,
				E68D6BE6217DFFB80081C8A6 /* UIViewController+DependencyCoordinator.m */,
				E68D6BE9217E00230081C8A6 /* UIViewController+DependencyCoordinator.swift */,
				E6F6C7B4237446E1006DE788 /* UIViewController+TemporaryDependencyCoordinator.swift */,
				E6F6C7B6237446F1006DE788 /* UIViewController+WorkflowDependencyCoordinator.swift */,
				E68D6BEB217E07000081C8A6 /* DependencyCoordinator+UIStoryboardSegue.swift */,
			);
			path = Extensions;
			sourceTree = "<group>";
		};
		E68F12452164C61100386FF5 /* Core */ = {
			isa = PBXGroup;
			children = (
				E691D63C213D2DDC008A3B2E /* DependencyCoordinator.swift */,
				E6908BEB216413DF00E196C9 /* DependencyResolver.swift */,
				E6908BED216413F000E196C9 /* AnyDependencyResolver.swift */,
				E68F125F2165359100386FF5 /* ConsumerDependencyResolver.swift */,
				E6908BEF2164193400E196C9 /* AnyConsumerDependencyResolver.swift */,
				E6DA206D222978C300DB24FA /* WeakReferenceWrapper.swift */,
			);
			path = Core;
			sourceTree = "<group>";
		};
		E68F12462164C63300386FF5 /* UIKit */ = {
			isa = PBXGroup;
			children = (
				E68D6BE3217DFF830081C8A6 /* Resolvers */,
				E68D6BE4217DFF980081C8A6 /* Extensions */,
			);
			path = UIKit;
			sourceTree = "<group>";
		};
		E691D606213D2AE2008A3B2E = {
			isa = PBXGroup;
			children = (
				E691D62A213D2B0E008A3B2E /* README.md */,
				E678F2F0217F47BE00FE9AF1 /* LICENSE */,
				E627993921F8BD0B00BE252C /* MHDependencyKit.podspec */,
				E691D612213D2AE2008A3B2E /* MHDependencyKit */,
				E691D61D213D2AE2008A3B2E /* MHDependencyKitTests */,
				E62349C121EE10D800AFB0BA /* Example */,
				E691D611213D2AE2008A3B2E /* Products */,
			);
			sourceTree = "<group>";
		};
		E691D611213D2AE2008A3B2E /* Products */ = {
			isa = PBXGroup;
			children = (
				E691D610213D2AE2008A3B2E /* MHDependencyKit.framework */,
				E691D619213D2AE2008A3B2E /* MHDependencyKitTests.xctest */,
				E62349C021EE10D800AFB0BA /* Example.app */,
			);
			name = Products;
			sourceTree = "<group>";
		};
		E691D612213D2AE2008A3B2E /* MHDependencyKit */ = {
			isa = PBXGroup;
			children = (
				E691D613213D2AE2008A3B2E /* MHDependencyKit.h */,
				E691D633213D2C12008A3B2E /* MHDependencyKit.swift */,
				E68F12452164C61100386FF5 /* Core */,
				E68F12462164C63300386FF5 /* UIKit */,
				E691D614213D2AE2008A3B2E /* Info.plist */,
			);
			path = MHDependencyKit;
			sourceTree = "<group>";
		};
		E691D61D213D2AE2008A3B2E /* MHDependencyKitTests */ = {
			isa = PBXGroup;
			children = (
				E691D637213D2C7F008A3B2E /* XCTestExtensions.swift */,
				E691D61E213D2AE2008A3B2E /* MHDependencyKitTests.swift */,
				E691D639213D2CEE008A3B2E /* ViewController.swift */,
				E6908BF121641EF000E196C9 /* DependencyResolverTests.swift */,
				E68F126321654F7200386FF5 /* ConsumerDependencyResolverTests.swift */,
				E68F12652165565300386FF5 /* UIViewControllerDependencyResolverTests.swift */,
				E68F12672165565F00386FF5 /* UIViewControllerConsumerDependencyResolverTests.swift */,
				E68F126B2165599B00386FF5 /* UIViewControllerContextDependencyResolverTests.swift */,
				E68D6BED217E0CF60081C8A6 /* UIStoryboardSegueDependencyResolverTests.swift */,
				E6908BF32164229E00E196C9 /* DependencyCoordinatorTests.swift */,
				E6F6C7BA23744718006DE788 /* TemporaryDependencyCoordinatorTests.swift */,
				E6F6C7B823744707006DE788 /* WorkflowDependencyCoordinatorTests.swift */,
				E691D620213D2AE2008A3B2E /* Info.plist */,
			);
			path = MHDependencyKitTests;
			sourceTree = "<group>";
		};
/* End PBXGroup section */

/* Begin PBXHeadersBuildPhase section */
		E691D60D213D2AE2008A3B2E /* Headers */ = {
			isa = PBXHeadersBuildPhase;
			buildActionMask = 2147483647;
			files = (
				E68D6BE7217DFFB80081C8A6 /* UIViewController+DependencyCoordinator.h in Headers */,
				E691D621213D2AE2008A3B2E /* MHDependencyKit.h in Headers */,
			);
			runOnlyForDeploymentPostprocessing = 0;
		};
/* End PBXHeadersBuildPhase section */

/* Begin PBXNativeTarget section */
		E62349BF21EE10D800AFB0BA /* Example */ = {
			isa = PBXNativeTarget;
			buildConfigurationList = E62349D121EE10DA00AFB0BA /* Build configuration list for PBXNativeTarget "Example" */;
			buildPhases = (
				E62349BC21EE10D800AFB0BA /* Sources */,
				E62349BD21EE10D800AFB0BA /* Frameworks */,
				E62349BE21EE10D800AFB0BA /* Resources */,
				E627995A21F9D4BA00BE252C /* Embed Frameworks */,
			);
			buildRules = (
			);
			dependencies = (
				E627995921F9D4B900BE252C /* PBXTargetDependency */,
			);
			name = Example;
			productName = Example;
			productReference = E62349C021EE10D800AFB0BA /* Example.app */;
			productType = "com.apple.product-type.application";
		};
		E691D60F213D2AE2008A3B2E /* MHDependencyKit */ = {
			isa = PBXNativeTarget;
			buildConfigurationList = E691D624213D2AE2008A3B2E /* Build configuration list for PBXNativeTarget "MHDependencyKit" */;
			buildPhases = (
				E691D60B213D2AE2008A3B2E /* Sources */,
				E691D60C213D2AE2008A3B2E /* Frameworks */,
				E691D60D213D2AE2008A3B2E /* Headers */,
				E691D60E213D2AE2008A3B2E /* Resources */,
			);
			buildRules = (
			);
			dependencies = (
			);
			name = MHDependencyKit;
			productName = MHDependencyKit;
			productReference = E691D610213D2AE2008A3B2E /* MHDependencyKit.framework */;
			productType = "com.apple.product-type.framework";
		};
		E691D618213D2AE2008A3B2E /* MHDependencyKitTests */ = {
			isa = PBXNativeTarget;
			buildConfigurationList = E691D627213D2AE2008A3B2E /* Build configuration list for PBXNativeTarget "MHDependencyKitTests" */;
			buildPhases = (
				E691D615213D2AE2008A3B2E /* Sources */,
				E691D616213D2AE2008A3B2E /* Frameworks */,
				E691D617213D2AE2008A3B2E /* Resources */,
			);
			buildRules = (
			);
			dependencies = (
				E691D61C213D2AE2008A3B2E /* PBXTargetDependency */,
			);
			name = MHDependencyKitTests;
			productName = MHDependencyKitTests;
			productReference = E691D619213D2AE2008A3B2E /* MHDependencyKitTests.xctest */;
			productType = "com.apple.product-type.bundle.unit-test";
		};
/* End PBXNativeTarget section */

/* Begin PBXProject section */
		E691D607213D2AE2008A3B2E /* Project object */ = {
			isa = PBXProject;
			attributes = {
				LastSwiftUpdateCheck = 1130;
				LastUpgradeCheck = 1200;
				ORGANIZATIONNAME = KoCMoHaBTa;
				TargetAttributes = {
					E62349BF21EE10D800AFB0BA = {
						CreatedOnToolsVersion = 10.1;
						LastSwiftMigration = 1130;
					};
					E691D60F213D2AE2008A3B2E = {
						CreatedOnToolsVersion = 9.4.1;
						LastSwiftMigration = 1020;
					};
					E691D618213D2AE2008A3B2E = {
						CreatedOnToolsVersion = 9.4.1;
						LastSwiftMigration = 1020;
					};
				};
			};
			buildConfigurationList = E691D60A213D2AE2008A3B2E /* Build configuration list for PBXProject "MHDependencyKit" */;
			compatibilityVersion = "Xcode 9.3";
			developmentRegion = en;
			hasScannedForEncodings = 0;
			knownRegions = (
				en,
				Base,
			);
			mainGroup = E691D606213D2AE2008A3B2E;
			productRefGroup = E691D611213D2AE2008A3B2E /* Products */;
			projectDirPath = "";
			projectRoot = "";
			targets = (
				E691D60F213D2AE2008A3B2E /* MHDependencyKit */,
				E691D618213D2AE2008A3B2E /* MHDependencyKitTests */,
				E62349BF21EE10D800AFB0BA /* Example */,
			);
		};
/* End PBXProject section */

/* Begin PBXResourcesBuildPhase section */
		E62349BE21EE10D800AFB0BA /* Resources */ = {
			isa = PBXResourcesBuildPhase;
			buildActionMask = 2147483647;
			files = (
				E62349CD21EE10DA00AFB0BA /* LaunchScreen.storyboard in Resources */,
				E62349CA21EE10DA00AFB0BA /* Assets.xcassets in Resources */,
				E62349C821EE10D800AFB0BA /* Main.storyboard in Resources */,
				E6A2C5E723D6FAF600DF00B4 /* Branching.storyboard in Resources */,
			);
			runOnlyForDeploymentPostprocessing = 0;
		};
		E691D60E213D2AE2008A3B2E /* Resources */ = {
			isa = PBXResourcesBuildPhase;
			buildActionMask = 2147483647;
			files = (
			);
			runOnlyForDeploymentPostprocessing = 0;
		};
		E691D617213D2AE2008A3B2E /* Resources */ = {
			isa = PBXResourcesBuildPhase;
			buildActionMask = 2147483647;
			files = (
			);
			runOnlyForDeploymentPostprocessing = 0;
		};
/* End PBXResourcesBuildPhase section */

/* Begin PBXSourcesBuildPhase section */
		E62349BC21EE10D800AFB0BA /* Sources */ = {
			isa = PBXSourcesBuildPhase;
			buildActionMask = 2147483647;
			files = (
				E627994721F8C53800BE252C /* TextInputConfigurable.swift in Sources */,
				E627993B21F8BFFF00BE252C /* InputViewController.swift in Sources */,
				E6A2C5E923D6FB3E00DF00B4 /* ReplaceAllSegue.swift in Sources */,
				E627996221F9EA8B00BE252C /* ContextTextDisplaConfigurable.swift in Sources */,
				E627996021F9EA6000BE252C /* ContextTextDisplayViewController.swift in Sources */,
				E62349C521EE10D800AFB0BA /* ViewController.swift in Sources */,
				E6A2C5E523D6087200DF00B4 /* ColoredViewController.swift in Sources */,
				E627994E21F8C5FF00BE252C /* TextDisplaConfigurable.swift in Sources */,
				E6A2C5EB23D6FC2F00DF00B4 /* ColorConfigurable.swift in Sources */,
				E627995021F9AFC000BE252C /* TextDisplayViewController.swift in Sources */,
				E6A2C5EF23D6FC8600DF00B4 /* ColoredTabBarController.swift in Sources */,
				E62349C321EE10D800AFB0BA /* AppDelegate.swift in Sources */,
				E6A2C5ED23D6FC7A00DF00B4 /* ColorSelectionViewController.swift in Sources */,
				E627994921F8C57B00BE252C /* AppVersionConfigurable.swift in Sources */,
				E627994C21F8C5CD00BE252C /* DependencyCoordinator+Setup.swift in Sources */,
			);
			runOnlyForDeploymentPostprocessing = 0;
		};
		E691D60B213D2AE2008A3B2E /* Sources */ = {
			isa = PBXSourcesBuildPhase;
			buildActionMask = 2147483647;
			files = (
				E627995C21F9DA1000BE252C /* UIViewControllerConsumerContextDependencyResolver.swift in Sources */,
				E68F125A2165019E00386FF5 /* AnyDependencyResolver.swift in Sources */,
				E68F12602165359100386FF5 /* ConsumerDependencyResolver.swift in Sources */,
				E68D6BEA217E00230081C8A6 /* UIViewController+DependencyCoordinator.swift in Sources */,
				E68F126A2165575E00386FF5 /* UIViewControllerContextDependencyResolver.swift in Sources */,
				E68D6BE2217DFE240081C8A6 /* UIStoryboardSegueDependencyResolver.swift in Sources */,
				E68D6BE8217DFFB80081C8A6 /* UIViewController+DependencyCoordinator.m in Sources */,
				E68F126221653AC700386FF5 /* UIViewController+Lookup.swift in Sources */,
				E68F125C2165019E00386FF5 /* UIViewControllerDependencyResolver.swift in Sources */,
				E691D634213D2C12008A3B2E /* MHDependencyKit.swift in Sources */,
				E6F6C7B5237446E1006DE788 /* UIViewController+TemporaryDependencyCoordinator.swift in Sources */,
				E68F125B2165019E00386FF5 /* AnyConsumerDependencyResolver.swift in Sources */,
				E68F125E2165351D00386FF5 /* UIViewControllerConsumerDependencyResolver.swift in Sources */,
				E68D6BEC217E07000081C8A6 /* DependencyCoordinator+UIStoryboardSegue.swift in Sources */,
				E6DA206E222978C300DB24FA /* WeakReferenceWrapper.swift in Sources */,
				E68F12592165019E00386FF5 /* DependencyResolver.swift in Sources */,
				E691D63D213D2DDC008A3B2E /* DependencyCoordinator.swift in Sources */,
				E6F6C7B7237446F1006DE788 /* UIViewController+WorkflowDependencyCoordinator.swift in Sources */,
			);
			runOnlyForDeploymentPostprocessing = 0;
		};
		E691D615213D2AE2008A3B2E /* Sources */ = {
			isa = PBXSourcesBuildPhase;
			buildActionMask = 2147483647;
			files = (
				E68F12662165565300386FF5 /* UIViewControllerDependencyResolverTests.swift in Sources */,
				E691D638213D2C80008A3B2E /* XCTestExtensions.swift in Sources */,
				E6908BF42164229E00E196C9 /* DependencyCoordinatorTests.swift in Sources */,
				E68F12682165565F00386FF5 /* UIViewControllerConsumerDependencyResolverTests.swift in Sources */,
				E68D6BEE217E0CF60081C8A6 /* UIStoryboardSegueDependencyResolverTests.swift in Sources */,
				E6F6C7B923744707006DE788 /* WorkflowDependencyCoordinatorTests.swift in Sources */,
				E6908BF221641EF000E196C9 /* DependencyResolverTests.swift in Sources */,
				E68F126421654F7200386FF5 /* ConsumerDependencyResolverTests.swift in Sources */,
				E691D63A213D2CEE008A3B2E /* ViewController.swift in Sources */,
				E6F6C7BB23744718006DE788 /* TemporaryDependencyCoordinatorTests.swift in Sources */,
				E691D61F213D2AE2008A3B2E /* MHDependencyKitTests.swift in Sources */,
				E68F126C2165599B00386FF5 /* UIViewControllerContextDependencyResolverTests.swift in Sources */,
			);
			runOnlyForDeploymentPostprocessing = 0;
		};
/* End PBXSourcesBuildPhase section */

/* Begin PBXTargetDependency section */
		E627995921F9D4B900BE252C /* PBXTargetDependency */ = {
			isa = PBXTargetDependency;
			target = E691D60F213D2AE2008A3B2E /* MHDependencyKit */;
			targetProxy = E627995821F9D4B900BE252C /* PBXContainerItemProxy */;
		};
		E691D61C213D2AE2008A3B2E /* PBXTargetDependency */ = {
			isa = PBXTargetDependency;
			target = E691D60F213D2AE2008A3B2E /* MHDependencyKit */;
			targetProxy = E691D61B213D2AE2008A3B2E /* PBXContainerItemProxy */;
		};
/* End PBXTargetDependency section */

/* Begin PBXVariantGroup section */
		E62349C621EE10D800AFB0BA /* Main.storyboard */ = {
			isa = PBXVariantGroup;
			children = (
				E62349C721EE10D800AFB0BA /* Base */,
			);
			name = Main.storyboard;
			sourceTree = "<group>";
		};
		E62349CB21EE10DA00AFB0BA /* LaunchScreen.storyboard */ = {
			isa = PBXVariantGroup;
			children = (
				E62349CC21EE10DA00AFB0BA /* Base */,
			);
			name = LaunchScreen.storyboard;
			sourceTree = "<group>";
		};
/* End PBXVariantGroup section */

/* Begin XCBuildConfiguration section */
		E62349CF21EE10DA00AFB0BA /* Debug */ = {
			isa = XCBuildConfiguration;
			buildSettings = {
				ALWAYS_EMBED_SWIFT_STANDARD_LIBRARIES = YES;
				ASSETCATALOG_COMPILER_APPICON_NAME = AppIcon;
				CODE_SIGN_STYLE = Automatic;
				INFOPLIST_FILE = Example/Info.plist;
				IPHONEOS_DEPLOYMENT_TARGET = 12.1;
				LD_RUNPATH_SEARCH_PATHS = (
					"$(inherited)",
					"@executable_path/Frameworks",
				);
				MTL_ENABLE_DEBUG_INFO = INCLUDE_SOURCE;
				MTL_FAST_MATH = YES;
				PRODUCT_BUNDLE_IDENTIFIER = com.KoCMoHaBTa.MHDependencyKit.Example;
				PRODUCT_NAME = "$(TARGET_NAME)";
				SWIFT_VERSION = 5.0;
				TARGETED_DEVICE_FAMILY = "1,2";
			};
			name = Debug;
		};
		E62349D021EE10DA00AFB0BA /* Release */ = {
			isa = XCBuildConfiguration;
			buildSettings = {
				ALWAYS_EMBED_SWIFT_STANDARD_LIBRARIES = YES;
				ASSETCATALOG_COMPILER_APPICON_NAME = AppIcon;
				CODE_SIGN_STYLE = Automatic;
				INFOPLIST_FILE = Example/Info.plist;
				IPHONEOS_DEPLOYMENT_TARGET = 12.1;
				LD_RUNPATH_SEARCH_PATHS = (
					"$(inherited)",
					"@executable_path/Frameworks",
				);
				MTL_FAST_MATH = YES;
				PRODUCT_BUNDLE_IDENTIFIER = com.KoCMoHaBTa.MHDependencyKit.Example;
				PRODUCT_NAME = "$(TARGET_NAME)";
				SWIFT_VERSION = 5.0;
				TARGETED_DEVICE_FAMILY = "1,2";
			};
			name = Release;
		};
		E691D622213D2AE2008A3B2E /* Debug */ = {
			isa = XCBuildConfiguration;
			buildSettings = {
				ALWAYS_SEARCH_USER_PATHS = NO;
				CLANG_ANALYZER_NONNULL = YES;
				CLANG_ANALYZER_NUMBER_OBJECT_CONVERSION = YES_AGGRESSIVE;
				CLANG_CXX_LANGUAGE_STANDARD = "gnu++14";
				CLANG_CXX_LIBRARY = "libc++";
				CLANG_ENABLE_MODULES = YES;
				CLANG_ENABLE_OBJC_ARC = YES;
				CLANG_ENABLE_OBJC_WEAK = YES;
				CLANG_WARN_BLOCK_CAPTURE_AUTORELEASING = YES;
				CLANG_WARN_BOOL_CONVERSION = YES;
				CLANG_WARN_COMMA = YES;
				CLANG_WARN_CONSTANT_CONVERSION = YES;
				CLANG_WARN_DEPRECATED_OBJC_IMPLEMENTATIONS = YES;
				CLANG_WARN_DIRECT_OBJC_ISA_USAGE = YES_ERROR;
				CLANG_WARN_DOCUMENTATION_COMMENTS = YES;
				CLANG_WARN_EMPTY_BODY = YES;
				CLANG_WARN_ENUM_CONVERSION = YES;
				CLANG_WARN_INFINITE_RECURSION = YES;
				CLANG_WARN_INT_CONVERSION = YES;
				CLANG_WARN_NON_LITERAL_NULL_CONVERSION = YES;
				CLANG_WARN_OBJC_IMPLICIT_RETAIN_SELF = YES;
				CLANG_WARN_OBJC_LITERAL_CONVERSION = YES;
				CLANG_WARN_OBJC_ROOT_CLASS = YES_ERROR;
				CLANG_WARN_QUOTED_INCLUDE_IN_FRAMEWORK_HEADER = YES;
				CLANG_WARN_RANGE_LOOP_ANALYSIS = YES;
				CLANG_WARN_STRICT_PROTOTYPES = YES;
				CLANG_WARN_SUSPICIOUS_MOVE = YES;
				CLANG_WARN_UNGUARDED_AVAILABILITY = YES_AGGRESSIVE;
				CLANG_WARN_UNREACHABLE_CODE = YES;
				CLANG_WARN__DUPLICATE_METHOD_MATCH = YES;
				CODE_SIGN_IDENTITY = "iPhone Developer";
				COPY_PHASE_STRIP = NO;
				CURRENT_PROJECT_VERSION = 1;
				DEBUG_INFORMATION_FORMAT = dwarf;
				ENABLE_STRICT_OBJC_MSGSEND = YES;
				ENABLE_TESTABILITY = YES;
				GCC_C_LANGUAGE_STANDARD = gnu11;
				GCC_DYNAMIC_NO_PIC = NO;
				GCC_NO_COMMON_BLOCKS = YES;
				GCC_OPTIMIZATION_LEVEL = 0;
				GCC_PREPROCESSOR_DEFINITIONS = (
					"DEBUG=1",
					"$(inherited)",
				);
				GCC_WARN_64_TO_32_BIT_CONVERSION = YES;
				GCC_WARN_ABOUT_RETURN_TYPE = YES_ERROR;
				GCC_WARN_UNDECLARED_SELECTOR = YES;
				GCC_WARN_UNINITIALIZED_AUTOS = YES_AGGRESSIVE;
				GCC_WARN_UNUSED_FUNCTION = YES;
				GCC_WARN_UNUSED_VARIABLE = YES;
				IPHONEOS_DEPLOYMENT_TARGET = 9.0;
				MTL_ENABLE_DEBUG_INFO = YES;
				ONLY_ACTIVE_ARCH = YES;
				SDKROOT = iphoneos;
				SWIFT_ACTIVE_COMPILATION_CONDITIONS = DEBUG;
				SWIFT_OPTIMIZATION_LEVEL = "-Onone";
				VERSIONING_SYSTEM = "apple-generic";
				VERSION_INFO_PREFIX = "";
			};
			name = Debug;
		};
		E691D623213D2AE2008A3B2E /* Release */ = {
			isa = XCBuildConfiguration;
			buildSettings = {
				ALWAYS_SEARCH_USER_PATHS = NO;
				CLANG_ANALYZER_NONNULL = YES;
				CLANG_ANALYZER_NUMBER_OBJECT_CONVERSION = YES_AGGRESSIVE;
				CLANG_CXX_LANGUAGE_STANDARD = "gnu++14";
				CLANG_CXX_LIBRARY = "libc++";
				CLANG_ENABLE_MODULES = YES;
				CLANG_ENABLE_OBJC_ARC = YES;
				CLANG_ENABLE_OBJC_WEAK = YES;
				CLANG_WARN_BLOCK_CAPTURE_AUTORELEASING = YES;
				CLANG_WARN_BOOL_CONVERSION = YES;
				CLANG_WARN_COMMA = YES;
				CLANG_WARN_CONSTANT_CONVERSION = YES;
				CLANG_WARN_DEPRECATED_OBJC_IMPLEMENTATIONS = YES;
				CLANG_WARN_DIRECT_OBJC_ISA_USAGE = YES_ERROR;
				CLANG_WARN_DOCUMENTATION_COMMENTS = YES;
				CLANG_WARN_EMPTY_BODY = YES;
				CLANG_WARN_ENUM_CONVERSION = YES;
				CLANG_WARN_INFINITE_RECURSION = YES;
				CLANG_WARN_INT_CONVERSION = YES;
				CLANG_WARN_NON_LITERAL_NULL_CONVERSION = YES;
				CLANG_WARN_OBJC_IMPLICIT_RETAIN_SELF = YES;
				CLANG_WARN_OBJC_LITERAL_CONVERSION = YES;
				CLANG_WARN_OBJC_ROOT_CLASS = YES_ERROR;
				CLANG_WARN_QUOTED_INCLUDE_IN_FRAMEWORK_HEADER = YES;
				CLANG_WARN_RANGE_LOOP_ANALYSIS = YES;
				CLANG_WARN_STRICT_PROTOTYPES = YES;
				CLANG_WARN_SUSPICIOUS_MOVE = YES;
				CLANG_WARN_UNGUARDED_AVAILABILITY = YES_AGGRESSIVE;
				CLANG_WARN_UNREACHABLE_CODE = YES;
				CLANG_WARN__DUPLICATE_METHOD_MATCH = YES;
				CODE_SIGN_IDENTITY = "iPhone Developer";
				COPY_PHASE_STRIP = NO;
				CURRENT_PROJECT_VERSION = 1;
				DEBUG_INFORMATION_FORMAT = "dwarf-with-dsym";
				ENABLE_NS_ASSERTIONS = NO;
				ENABLE_STRICT_OBJC_MSGSEND = YES;
				GCC_C_LANGUAGE_STANDARD = gnu11;
				GCC_NO_COMMON_BLOCKS = YES;
				GCC_WARN_64_TO_32_BIT_CONVERSION = YES;
				GCC_WARN_ABOUT_RETURN_TYPE = YES_ERROR;
				GCC_WARN_UNDECLARED_SELECTOR = YES;
				GCC_WARN_UNINITIALIZED_AUTOS = YES_AGGRESSIVE;
				GCC_WARN_UNUSED_FUNCTION = YES;
				GCC_WARN_UNUSED_VARIABLE = YES;
				IPHONEOS_DEPLOYMENT_TARGET = 9.0;
				MTL_ENABLE_DEBUG_INFO = NO;
				SDKROOT = iphoneos;
				SWIFT_COMPILATION_MODE = wholemodule;
				SWIFT_OPTIMIZATION_LEVEL = "-O";
				VALIDATE_PRODUCT = YES;
				VERSIONING_SYSTEM = "apple-generic";
				VERSION_INFO_PREFIX = "";
			};
			name = Release;
		};
		E691D625213D2AE2008A3B2E /* Debug */ = {
			isa = XCBuildConfiguration;
			buildSettings = {
				CLANG_ENABLE_MODULES = YES;
				CODE_SIGN_IDENTITY = "";
				CODE_SIGN_STYLE = Manual;
				CURRENT_PROJECT_VERSION = 1.3.0.0;
				DEFINES_MODULE = YES;
				DYLIB_COMPATIBILITY_VERSION = 1;
				DYLIB_CURRENT_VERSION = 1;
				DYLIB_INSTALL_NAME_BASE = "@rpath";
				INFOPLIST_FILE = MHDependencyKit/Info.plist;
				INSTALL_PATH = "$(LOCAL_LIBRARY_DIR)/Frameworks";
				LD_RUNPATH_SEARCH_PATHS = (
					"$(inherited)",
					"@executable_path/Frameworks",
					"@loader_path/Frameworks",
				);
				MARKETING_VERSION = 1.3.0;
				PRODUCT_BUNDLE_IDENTIFIER = com.KoCMoHaBTa.MHDependencyKit;
				PRODUCT_NAME = "$(TARGET_NAME:c99extidentifier)";
				PROVISIONING_PROFILE_SPECIFIER = "";
				SKIP_INSTALL = YES;
				SWIFT_OPTIMIZATION_LEVEL = "-Onone";
				SWIFT_VERSION = 5.0;
				TARGETED_DEVICE_FAMILY = "1,2";
			};
			name = Debug;
		};
		E691D626213D2AE2008A3B2E /* Release */ = {
			isa = XCBuildConfiguration;
			buildSettings = {
				CLANG_ENABLE_MODULES = YES;
				CODE_SIGN_IDENTITY = "";
				CODE_SIGN_STYLE = Manual;
				CURRENT_PROJECT_VERSION = 1.3.0.0;
				DEFINES_MODULE = YES;
				DYLIB_COMPATIBILITY_VERSION = 1;
				DYLIB_CURRENT_VERSION = 1;
				DYLIB_INSTALL_NAME_BASE = "@rpath";
				INFOPLIST_FILE = MHDependencyKit/Info.plist;
				INSTALL_PATH = "$(LOCAL_LIBRARY_DIR)/Frameworks";
				LD_RUNPATH_SEARCH_PATHS = (
					"$(inherited)",
					"@executable_path/Frameworks",
					"@loader_path/Frameworks",
				);
				MARKETING_VERSION = 1.3.0;
				PRODUCT_BUNDLE_IDENTIFIER = com.KoCMoHaBTa.MHDependencyKit;
				PRODUCT_NAME = "$(TARGET_NAME:c99extidentifier)";
				PROVISIONING_PROFILE_SPECIFIER = "";
				SKIP_INSTALL = YES;
				SWIFT_VERSION = 5.0;
				TARGETED_DEVICE_FAMILY = "1,2";
			};
			name = Release;
		};
		E691D628213D2AE2008A3B2E /* Debug */ = {
			isa = XCBuildConfiguration;
			buildSettings = {
				ALWAYS_EMBED_SWIFT_STANDARD_LIBRARIES = YES;
				CODE_SIGN_STYLE = Automatic;
				INFOPLIST_FILE = MHDependencyKitTests/Info.plist;
				LD_RUNPATH_SEARCH_PATHS = (
					"$(inherited)",
					"@executable_path/Frameworks",
					"@loader_path/Frameworks",
				);
				PRODUCT_BUNDLE_IDENTIFIER = com.elders.MHDependencyKitTests;
				PRODUCT_NAME = "$(TARGET_NAME)";
				SWIFT_VERSION = 5.0;
				TARGETED_DEVICE_FAMILY = "1,2";
			};
			name = Debug;
		};
		E691D629213D2AE2008A3B2E /* Release */ = {
			isa = XCBuildConfiguration;
			buildSettings = {
				ALWAYS_EMBED_SWIFT_STANDARD_LIBRARIES = YES;
				CODE_SIGN_STYLE = Automatic;
				INFOPLIST_FILE = MHDependencyKitTests/Info.plist;
				LD_RUNPATH_SEARCH_PATHS = (
					"$(inherited)",
					"@executable_path/Frameworks",
					"@loader_path/Frameworks",
				);
				PRODUCT_BUNDLE_IDENTIFIER = com.elders.MHDependencyKitTests;
				PRODUCT_NAME = "$(TARGET_NAME)";
				SWIFT_VERSION = 5.0;
				TARGETED_DEVICE_FAMILY = "1,2";
			};
			name = Release;
		};
/* End XCBuildConfiguration section */

/* Begin XCConfigurationList section */
		E62349D121EE10DA00AFB0BA /* Build configuration list for PBXNativeTarget "Example" */ = {
			isa = XCConfigurationList;
			buildConfigurations = (
				E62349CF21EE10DA00AFB0BA /* Debug */,
				E62349D021EE10DA00AFB0BA /* Release */,
			);
			defaultConfigurationIsVisible = 0;
			defaultConfigurationName = Release;
		};
		E691D60A213D2AE2008A3B2E /* Build configuration list for PBXProject "MHDependencyKit" */ = {
			isa = XCConfigurationList;
			buildConfigurations = (
				E691D622213D2AE2008A3B2E /* Debug */,
				E691D623213D2AE2008A3B2E /* Release */,
			);
			defaultConfigurationIsVisible = 0;
			defaultConfigurationName = Release;
		};
		E691D624213D2AE2008A3B2E /* Build configuration list for PBXNativeTarget "MHDependencyKit" */ = {
			isa = XCConfigurationList;
			buildConfigurations = (
				E691D625213D2AE2008A3B2E /* Debug */,
				E691D626213D2AE2008A3B2E /* Release */,
			);
			defaultConfigurationIsVisible = 0;
			defaultConfigurationName = Release;
		};
		E691D627213D2AE2008A3B2E /* Build configuration list for PBXNativeTarget "MHDependencyKitTests" */ = {
			isa = XCConfigurationList;
			buildConfigurations = (
				E691D628213D2AE2008A3B2E /* Debug */,
				E691D629213D2AE2008A3B2E /* Release */,
			);
			defaultConfigurationIsVisible = 0;
			defaultConfigurationName = Release;
		};
/* End XCConfigurationList section */
	};
	rootObject = E691D607213D2AE2008A3B2E /* Project object */;
}
