// !$*UTF8*$!
{
	archiveVersion = 1;
	classes = {
	};
	objectVersion = 50;
	objects = {

/* Begin PBXBuildFile section */
		E691D61A213D2AE2008A3B2E /* MHDependencyKit.framework in Frameworks */ = {isa = PBXBuildFile; fileRef = E691D610213D2AE2008A3B2E /* MHDependencyKit.framework */; };
		E691D61F213D2AE2008A3B2E /* MHDependencyKitTests.swift in Sources */ = {isa = PBXBuildFile; fileRef = E691D61E213D2AE2008A3B2E /* MHDependencyKitTests.swift */; };
		E691D621213D2AE2008A3B2E /* MHDependencyKit.h in Headers */ = {isa = PBXBuildFile; fileRef = E691D613213D2AE2008A3B2E /* MHDependencyKit.h */; settings = {ATTRIBUTES = (Public, ); }; };
		E691D62F213D2BFD008A3B2E /* SegueCoordinator.swift in Sources */ = {isa = PBXBuildFile; fileRef = E691D62B213D2BFD008A3B2E /* SegueCoordinator.swift */; };
		E691D630213D2BFD008A3B2E /* UIViewController+SegueCoordinator.h in Headers */ = {isa = PBXBuildFile; fileRef = E691D62C213D2BFD008A3B2E /* UIViewController+SegueCoordinator.h */; };
		E691D631213D2BFD008A3B2E /* UIViewController+SegueCoordinator.m in Sources */ = {isa = PBXBuildFile; fileRef = E691D62D213D2BFD008A3B2E /* UIViewController+SegueCoordinator.m */; };
		E691D632213D2BFD008A3B2E /* UIViewController+SegueCoordinator.swift in Sources */ = {isa = PBXBuildFile; fileRef = E691D62E213D2BFD008A3B2E /* UIViewController+SegueCoordinator.swift */; };
		E691D634213D2C12008A3B2E /* MHDependencyKit.swift in Sources */ = {isa = PBXBuildFile; fileRef = E691D633213D2C12008A3B2E /* MHDependencyKit.swift */; };
		E691D636213D2C5F008A3B2E /* SegueCoordinatorTests.swift in Sources */ = {isa = PBXBuildFile; fileRef = E691D635213D2C5F008A3B2E /* SegueCoordinatorTests.swift */; };
		E691D638213D2C80008A3B2E /* XCTestExtensions.swift in Sources */ = {isa = PBXBuildFile; fileRef = E691D637213D2C7F008A3B2E /* XCTestExtensions.swift */; };
		E691D63A213D2CEE008A3B2E /* ViewController.swift in Sources */ = {isa = PBXBuildFile; fileRef = E691D639213D2CEE008A3B2E /* ViewController.swift */; };
/* End PBXBuildFile section */

/* Begin PBXContainerItemProxy section */
		E691D61B213D2AE2008A3B2E /* PBXContainerItemProxy */ = {
			isa = PBXContainerItemProxy;
			containerPortal = E691D607213D2AE2008A3B2E /* Project object */;
			proxyType = 1;
			remoteGlobalIDString = E691D60F213D2AE2008A3B2E;
			remoteInfo = MHDependencyKit;
		};
/* End PBXContainerItemProxy section */

/* Begin PBXFileReference section */
		E691D610213D2AE2008A3B2E /* MHDependencyKit.framework */ = {isa = PBXFileReference; explicitFileType = wrapper.framework; includeInIndex = 0; path = MHDependencyKit.framework; sourceTree = BUILT_PRODUCTS_DIR; };
		E691D613213D2AE2008A3B2E /* MHDependencyKit.h */ = {isa = PBXFileReference; lastKnownFileType = sourcecode.c.h; path = MHDependencyKit.h; sourceTree = "<group>"; };
		E691D614213D2AE2008A3B2E /* Info.plist */ = {isa = PBXFileReference; lastKnownFileType = text.plist.xml; path = Info.plist; sourceTree = "<group>"; };
		E691D619213D2AE2008A3B2E /* MHDependencyKitTests.xctest */ = {isa = PBXFileReference; explicitFileType = wrapper.cfbundle; includeInIndex = 0; path = MHDependencyKitTests.xctest; sourceTree = BUILT_PRODUCTS_DIR; };
		E691D61E213D2AE2008A3B2E /* MHDependencyKitTests.swift */ = {isa = PBXFileReference; lastKnownFileType = sourcecode.swift; path = MHDependencyKitTests.swift; sourceTree = "<group>"; };
		E691D620213D2AE2008A3B2E /* Info.plist */ = {isa = PBXFileReference; lastKnownFileType = text.plist.xml; path = Info.plist; sourceTree = "<group>"; };
		E691D62A213D2B0E008A3B2E /* README.md */ = {isa = PBXFileReference; lastKnownFileType = net.daringfireball.markdown; path = README.md; sourceTree = "<group>"; };
		E691D62B213D2BFD008A3B2E /* SegueCoordinator.swift */ = {isa = PBXFileReference; fileEncoding = 4; lastKnownFileType = sourcecode.swift; path = SegueCoordinator.swift; sourceTree = "<group>"; };
		E691D62C213D2BFD008A3B2E /* UIViewController+SegueCoordinator.h */ = {isa = PBXFileReference; fileEncoding = 4; lastKnownFileType = sourcecode.c.h; path = "UIViewController+SegueCoordinator.h"; sourceTree = "<group>"; };
		E691D62D213D2BFD008A3B2E /* UIViewController+SegueCoordinator.m */ = {isa = PBXFileReference; fileEncoding = 4; lastKnownFileType = sourcecode.c.objc; path = "UIViewController+SegueCoordinator.m"; sourceTree = "<group>"; };
		E691D62E213D2BFD008A3B2E /* UIViewController+SegueCoordinator.swift */ = {isa = PBXFileReference; fileEncoding = 4; lastKnownFileType = sourcecode.swift; path = "UIViewController+SegueCoordinator.swift"; sourceTree = "<group>"; };
		E691D633213D2C12008A3B2E /* MHDependencyKit.swift */ = {isa = PBXFileReference; lastKnownFileType = sourcecode.swift; path = MHDependencyKit.swift; sourceTree = "<group>"; };
		E691D635213D2C5F008A3B2E /* SegueCoordinatorTests.swift */ = {isa = PBXFileReference; fileEncoding = 4; lastKnownFileType = sourcecode.swift; path = SegueCoordinatorTests.swift; sourceTree = "<group>"; };
		E691D637213D2C7F008A3B2E /* XCTestExtensions.swift */ = {isa = PBXFileReference; fileEncoding = 4; lastKnownFileType = sourcecode.swift; path = XCTestExtensions.swift; sourceTree = "<group>"; };
		E691D639213D2CEE008A3B2E /* ViewController.swift */ = {isa = PBXFileReference; lastKnownFileType = sourcecode.swift; path = ViewController.swift; sourceTree = "<group>"; };
/* End PBXFileReference section */

/* Begin PBXFrameworksBuildPhase section */
		E691D60C213D2AE2008A3B2E /* Frameworks */ = {
			isa = PBXFrameworksBuildPhase;
			buildActionMask = 2147483647;
			files = (
			);
			runOnlyForDeploymentPostprocessing = 0;
		};
		E691D616213D2AE2008A3B2E /* Frameworks */ = {
			isa = PBXFrameworksBuildPhase;
			buildActionMask = 2147483647;
			files = (
				E691D61A213D2AE2008A3B2E /* MHDependencyKit.framework in Frameworks */,
			);
			runOnlyForDeploymentPostprocessing = 0;
		};
/* End PBXFrameworksBuildPhase section */

/* Begin PBXGroup section */
		E691D606213D2AE2008A3B2E = {
			isa = PBXGroup;
			children = (
				E691D62A213D2B0E008A3B2E /* README.md */,
				E691D612213D2AE2008A3B2E /* MHDependencyKit */,
				E691D61D213D2AE2008A3B2E /* MHDependencyKitTests */,
				E691D611213D2AE2008A3B2E /* Products */,
			);
			sourceTree = "<group>";
		};
		E691D611213D2AE2008A3B2E /* Products */ = {
			isa = PBXGroup;
			children = (
				E691D610213D2AE2008A3B2E /* MHDependencyKit.framework */,
				E691D619213D2AE2008A3B2E /* MHDependencyKitTests.xctest */,
			);
			name = Products;
			sourceTree = "<group>";
		};
		E691D612213D2AE2008A3B2E /* MHDependencyKit */ = {
			isa = PBXGroup;
			children = (
				E691D613213D2AE2008A3B2E /* MHDependencyKit.h */,
				E691D633213D2C12008A3B2E /* MHDependencyKit.swift */,
				E691D63B213D2D4F008A3B2E /* Legacy */,
				E691D614213D2AE2008A3B2E /* Info.plist */,
			);
			path = MHDependencyKit;
			sourceTree = "<group>";
		};
		E691D61D213D2AE2008A3B2E /* MHDependencyKitTests */ = {
			isa = PBXGroup;
			children = (
				E691D637213D2C7F008A3B2E /* XCTestExtensions.swift */,
				E691D61E213D2AE2008A3B2E /* MHDependencyKitTests.swift */,
				E691D635213D2C5F008A3B2E /* SegueCoordinatorTests.swift */,
				E691D639213D2CEE008A3B2E /* ViewController.swift */,
				E691D620213D2AE2008A3B2E /* Info.plist */,
			);
			path = MHDependencyKitTests;
			sourceTree = "<group>";
		};
		E691D63B213D2D4F008A3B2E /* Legacy */ = {
			isa = PBXGroup;
			children = (
				E691D62B213D2BFD008A3B2E /* SegueCoordinator.swift */,
				E691D62C213D2BFD008A3B2E /* UIViewController+SegueCoordinator.h */,
				E691D62D213D2BFD008A3B2E /* UIViewController+SegueCoordinator.m */,
				E691D62E213D2BFD008A3B2E /* UIViewController+SegueCoordinator.swift */,
			);
			path = Legacy;
			sourceTree = "<group>";
		};
/* End PBXGroup section */

/* Begin PBXHeadersBuildPhase section */
		E691D60D213D2AE2008A3B2E /* Headers */ = {
			isa = PBXHeadersBuildPhase;
			buildActionMask = 2147483647;
			files = (
				E691D630213D2BFD008A3B2E /* UIViewController+SegueCoordinator.h in Headers */,
				E691D621213D2AE2008A3B2E /* MHDependencyKit.h in Headers */,
			);
			runOnlyForDeploymentPostprocessing = 0;
		};
/* End PBXHeadersBuildPhase section */

/* Begin PBXNativeTarget section */
		E691D60F213D2AE2008A3B2E /* MHDependencyKit */ = {
			isa = PBXNativeTarget;
			buildConfigurationList = E691D624213D2AE2008A3B2E /* Build configuration list for PBXNativeTarget "MHDependencyKit" */;
			buildPhases = (
				E691D60B213D2AE2008A3B2E /* Sources */,
				E691D60C213D2AE2008A3B2E /* Frameworks */,
				E691D60D213D2AE2008A3B2E /* Headers */,
				E691D60E213D2AE2008A3B2E /* Resources */,
			);
			buildRules = (
			);
			dependencies = (
			);
			name = MHDependencyKit;
			productName = MHDependencyKit;
			productReference = E691D610213D2AE2008A3B2E /* MHDependencyKit.framework */;
			productType = "com.apple.product-type.framework";
		};
		E691D618213D2AE2008A3B2E /* MHDependencyKitTests */ = {
			isa = PBXNativeTarget;
			buildConfigurationList = E691D627213D2AE2008A3B2E /* Build configuration list for PBXNativeTarget "MHDependencyKitTests" */;
			buildPhases = (
				E691D615213D2AE2008A3B2E /* Sources */,
				E691D616213D2AE2008A3B2E /* Frameworks */,
				E691D617213D2AE2008A3B2E /* Resources */,
			);
			buildRules = (
			);
			dependencies = (
				E691D61C213D2AE2008A3B2E /* PBXTargetDependency */,
			);
			name = MHDependencyKitTests;
			productName = MHDependencyKitTests;
			productReference = E691D619213D2AE2008A3B2E /* MHDependencyKitTests.xctest */;
			productType = "com.apple.product-type.bundle.unit-test";
		};
/* End PBXNativeTarget section */

/* Begin PBXProject section */
		E691D607213D2AE2008A3B2E /* Project object */ = {
			isa = PBXProject;
			attributes = {
				LastSwiftUpdateCheck = 0940;
				LastUpgradeCheck = 0940;
				ORGANIZATIONNAME = KoCMoHaBTa;
				TargetAttributes = {
					E691D60F213D2AE2008A3B2E = {
						CreatedOnToolsVersion = 9.4.1;
						LastSwiftMigration = 0940;
					};
					E691D618213D2AE2008A3B2E = {
						CreatedOnToolsVersion = 9.4.1;
					};
				};
			};
			buildConfigurationList = E691D60A213D2AE2008A3B2E /* Build configuration list for PBXProject "MHDependencyKit" */;
			compatibilityVersion = "Xcode 9.3";
			developmentRegion = en;
			hasScannedForEncodings = 0;
			knownRegions = (
				en,
			);
			mainGroup = E691D606213D2AE2008A3B2E;
			productRefGroup = E691D611213D2AE2008A3B2E /* Products */;
			projectDirPath = "";
			projectRoot = "";
			targets = (
				E691D60F213D2AE2008A3B2E /* MHDependencyKit */,
				E691D618213D2AE2008A3B2E /* MHDependencyKitTests */,
			);
		};
/* End PBXProject section */

/* Begin PBXResourcesBuildPhase section */
		E691D60E213D2AE2008A3B2E /* Resources */ = {
			isa = PBXResourcesBuildPhase;
			buildActionMask = 2147483647;
			files = (
			);
			runOnlyForDeploymentPostprocessing = 0;
		};
		E691D617213D2AE2008A3B2E /* Resources */ = {
			isa = PBXResourcesBuildPhase;
			buildActionMask = 2147483647;
			files = (
			);
			runOnlyForDeploymentPostprocessing = 0;
		};
/* End PBXResourcesBuildPhase section */

/* Begin PBXSourcesBuildPhase section */
		E691D60B213D2AE2008A3B2E /* Sources */ = {
			isa = PBXSourcesBuildPhase;
			buildActionMask = 2147483647;
			files = (
				E691D634213D2C12008A3B2E /* MHDependencyKit.swift in Sources */,
				E691D62F213D2BFD008A3B2E /* SegueCoordinator.swift in Sources */,
				E691D632213D2BFD008A3B2E /* UIViewController+SegueCoordinator.swift in Sources */,
				E691D631213D2BFD008A3B2E /* UIViewController+SegueCoordinator.m in Sources */,
			);
			runOnlyForDeploymentPostprocessing = 0;
		};
		E691D615213D2AE2008A3B2E /* Sources */ = {
			isa = PBXSourcesBuildPhase;
			buildActionMask = 2147483647;
			files = (
				E691D636213D2C5F008A3B2E /* SegueCoordinatorTests.swift in Sources */,
				E691D638213D2C80008A3B2E /* XCTestExtensions.swift in Sources */,
				E691D63A213D2CEE008A3B2E /* ViewController.swift in Sources */,
				E691D61F213D2AE2008A3B2E /* MHDependencyKitTests.swift in Sources */,
			);
			runOnlyForDeploymentPostprocessing = 0;
		};
/* End PBXSourcesBuildPhase section */

/* Begin PBXTargetDependency section */
		E691D61C213D2AE2008A3B2E /* PBXTargetDependency */ = {
			isa = PBXTargetDependency;
			target = E691D60F213D2AE2008A3B2E /* MHDependencyKit */;
			targetProxy = E691D61B213D2AE2008A3B2E /* PBXContainerItemProxy */;
		};
/* End PBXTargetDependency section */

/* Begin XCBuildConfiguration section */
		E691D622213D2AE2008A3B2E /* Debug */ = {
			isa = XCBuildConfiguration;
			buildSettings = {
				ALWAYS_SEARCH_USER_PATHS = NO;
				CLANG_ANALYZER_NONNULL = YES;
				CLANG_ANALYZER_NUMBER_OBJECT_CONVERSION = YES_AGGRESSIVE;
				CLANG_CXX_LANGUAGE_STANDARD = "gnu++14";
				CLANG_CXX_LIBRARY = "libc++";
				CLANG_ENABLE_MODULES = YES;
				CLANG_ENABLE_OBJC_ARC = YES;
				CLANG_ENABLE_OBJC_WEAK = YES;
				CLANG_WARN_BLOCK_CAPTURE_AUTORELEASING = YES;
				CLANG_WARN_BOOL_CONVERSION = YES;
				CLANG_WARN_COMMA = YES;
				CLANG_WARN_CONSTANT_CONVERSION = YES;
				CLANG_WARN_DEPRECATED_OBJC_IMPLEMENTATIONS = YES;
				CLANG_WARN_DIRECT_OBJC_ISA_USAGE = YES_ERROR;
				CLANG_WARN_DOCUMENTATION_COMMENTS = YES;
				CLANG_WARN_EMPTY_BODY = YES;
				CLANG_WARN_ENUM_CONVERSION = YES;
				CLANG_WARN_INFINITE_RECURSION = YES;
				CLANG_WARN_INT_CONVERSION = YES;
				CLANG_WARN_NON_LITERAL_NULL_CONVERSION = YES;
				CLANG_WARN_OBJC_IMPLICIT_RETAIN_SELF = YES;
				CLANG_WARN_OBJC_LITERAL_CONVERSION = YES;
				CLANG_WARN_OBJC_ROOT_CLASS = YES_ERROR;
				CLANG_WARN_RANGE_LOOP_ANALYSIS = YES;
				CLANG_WARN_STRICT_PROTOTYPES = YES;
				CLANG_WARN_SUSPICIOUS_MOVE = YES;
				CLANG_WARN_UNGUARDED_AVAILABILITY = YES_AGGRESSIVE;
				CLANG_WARN_UNREACHABLE_CODE = YES;
				CLANG_WARN__DUPLICATE_METHOD_MATCH = YES;
				CODE_SIGN_IDENTITY = "iPhone Developer";
				COPY_PHASE_STRIP = NO;
				CURRENT_PROJECT_VERSION = 1;
				DEBUG_INFORMATION_FORMAT = dwarf;
				ENABLE_STRICT_OBJC_MSGSEND = YES;
				ENABLE_TESTABILITY = YES;
				GCC_C_LANGUAGE_STANDARD = gnu11;
				GCC_DYNAMIC_NO_PIC = NO;
				GCC_NO_COMMON_BLOCKS = YES;
				GCC_OPTIMIZATION_LEVEL = 0;
				GCC_PREPROCESSOR_DEFINITIONS = (
					"DEBUG=1",
					"$(inherited)",
				);
				GCC_WARN_64_TO_32_BIT_CONVERSION = YES;
				GCC_WARN_ABOUT_RETURN_TYPE = YES_ERROR;
				GCC_WARN_UNDECLARED_SELECTOR = YES;
				GCC_WARN_UNINITIALIZED_AUTOS = YES_AGGRESSIVE;
				GCC_WARN_UNUSED_FUNCTION = YES;
				GCC_WARN_UNUSED_VARIABLE = YES;
				IPHONEOS_DEPLOYMENT_TARGET = 8.0;
				MTL_ENABLE_DEBUG_INFO = YES;
				ONLY_ACTIVE_ARCH = YES;
				SDKROOT = iphoneos;
				SWIFT_ACTIVE_COMPILATION_CONDITIONS = DEBUG;
				SWIFT_OPTIMIZATION_LEVEL = "-Onone";
				VERSIONING_SYSTEM = "apple-generic";
				VERSION_INFO_PREFIX = "";
			};
			name = Debug;
		};
		E691D623213D2AE2008A3B2E /* Release */ = {
			isa = XCBuildConfiguration;
			buildSettings = {
				ALWAYS_SEARCH_USER_PATHS = NO;
				CLANG_ANALYZER_NONNULL = YES;
				CLANG_ANALYZER_NUMBER_OBJECT_CONVERSION = YES_AGGRESSIVE;
				CLANG_CXX_LANGUAGE_STANDARD = "gnu++14";
				CLANG_CXX_LIBRARY = "libc++";
				CLANG_ENABLE_MODULES = YES;
				CLANG_ENABLE_OBJC_ARC = YES;
				CLANG_ENABLE_OBJC_WEAK = YES;
				CLANG_WARN_BLOCK_CAPTURE_AUTORELEASING = YES;
				CLANG_WARN_BOOL_CONVERSION = YES;
				CLANG_WARN_COMMA = YES;
				CLANG_WARN_CONSTANT_CONVERSION = YES;
				CLANG_WARN_DEPRECATED_OBJC_IMPLEMENTATIONS = YES;
				CLANG_WARN_DIRECT_OBJC_ISA_USAGE = YES_ERROR;
				CLANG_WARN_DOCUMENTATION_COMMENTS = YES;
				CLANG_WARN_EMPTY_BODY = YES;
				CLANG_WARN_ENUM_CONVERSION = YES;
				CLANG_WARN_INFINITE_RECURSION = YES;
				CLANG_WARN_INT_CONVERSION = YES;
				CLANG_WARN_NON_LITERAL_NULL_CONVERSION = YES;
				CLANG_WARN_OBJC_IMPLICIT_RETAIN_SELF = YES;
				CLANG_WARN_OBJC_LITERAL_CONVERSION = YES;
				CLANG_WARN_OBJC_ROOT_CLASS = YES_ERROR;
				CLANG_WARN_RANGE_LOOP_ANALYSIS = YES;
				CLANG_WARN_STRICT_PROTOTYPES = YES;
				CLANG_WARN_SUSPICIOUS_MOVE = YES;
				CLANG_WARN_UNGUARDED_AVAILABILITY = YES_AGGRESSIVE;
				CLANG_WARN_UNREACHABLE_CODE = YES;
				CLANG_WARN__DUPLICATE_METHOD_MATCH = YES;
				CODE_SIGN_IDENTITY = "iPhone Developer";
				COPY_PHASE_STRIP = NO;
				CURRENT_PROJECT_VERSION = 1;
				DEBUG_INFORMATION_FORMAT = "dwarf-with-dsym";
				ENABLE_NS_ASSERTIONS = NO;
				ENABLE_STRICT_OBJC_MSGSEND = YES;
				GCC_C_LANGUAGE_STANDARD = gnu11;
				GCC_NO_COMMON_BLOCKS = YES;
				GCC_WARN_64_TO_32_BIT_CONVERSION = YES;
				GCC_WARN_ABOUT_RETURN_TYPE = YES_ERROR;
				GCC_WARN_UNDECLARED_SELECTOR = YES;
				GCC_WARN_UNINITIALIZED_AUTOS = YES_AGGRESSIVE;
				GCC_WARN_UNUSED_FUNCTION = YES;
				GCC_WARN_UNUSED_VARIABLE = YES;
				IPHONEOS_DEPLOYMENT_TARGET = 8.0;
				MTL_ENABLE_DEBUG_INFO = NO;
				SDKROOT = iphoneos;
				SWIFT_COMPILATION_MODE = wholemodule;
				SWIFT_OPTIMIZATION_LEVEL = "-O";
				VALIDATE_PRODUCT = YES;
				VERSIONING_SYSTEM = "apple-generic";
				VERSION_INFO_PREFIX = "";
			};
			name = Release;
		};
		E691D625213D2AE2008A3B2E /* Debug */ = {
			isa = XCBuildConfiguration;
			buildSettings = {
				CLANG_ENABLE_MODULES = YES;
				CODE_SIGN_IDENTITY = "";
				CODE_SIGN_STYLE = Manual;
				DEFINES_MODULE = YES;
				DEVELOPMENT_TEAM = "";
				DYLIB_COMPATIBILITY_VERSION = 1;
				DYLIB_CURRENT_VERSION = 1;
				DYLIB_INSTALL_NAME_BASE = "@rpath";
				INFOPLIST_FILE = MHDependencyKit/Info.plist;
				INSTALL_PATH = "$(LOCAL_LIBRARY_DIR)/Frameworks";
				LD_RUNPATH_SEARCH_PATHS = (
					"$(inherited)",
					"@executable_path/Frameworks",
					"@loader_path/Frameworks",
				);
				PRODUCT_BUNDLE_IDENTIFIER = com.elders.MHDependencyKit;
				PRODUCT_NAME = "$(TARGET_NAME:c99extidentifier)";
				PROVISIONING_PROFILE_SPECIFIER = "";
				SKIP_INSTALL = YES;
				SWIFT_OPTIMIZATION_LEVEL = "-Onone";
				SWIFT_VERSION = 4.0;
				TARGETED_DEVICE_FAMILY = "1,2";
			};
			name = Debug;
		};
		E691D626213D2AE2008A3B2E /* Release */ = {
			isa = XCBuildConfiguration;
			buildSettings = {
				CLANG_ENABLE_MODULES = YES;
				CODE_SIGN_IDENTITY = "";
				CODE_SIGN_STYLE = Manual;
				DEFINES_MODULE = YES;
				DEVELOPMENT_TEAM = "";
				DYLIB_COMPATIBILITY_VERSION = 1;
				DYLIB_CURRENT_VERSION = 1;
				DYLIB_INSTALL_NAME_BASE = "@rpath";
				INFOPLIST_FILE = MHDependencyKit/Info.plist;
				INSTALL_PATH = "$(LOCAL_LIBRARY_DIR)/Frameworks";
				LD_RUNPATH_SEARCH_PATHS = (
					"$(inherited)",
					"@executable_path/Frameworks",
					"@loader_path/Frameworks",
				);
				PRODUCT_BUNDLE_IDENTIFIER = com.elders.MHDependencyKit;
				PRODUCT_NAME = "$(TARGET_NAME:c99extidentifier)";
				PROVISIONING_PROFILE_SPECIFIER = "";
				SKIP_INSTALL = YES;
				SWIFT_VERSION = 4.0;
				TARGETED_DEVICE_FAMILY = "1,2";
			};
			name = Release;
		};
		E691D628213D2AE2008A3B2E /* Debug */ = {
			isa = XCBuildConfiguration;
			buildSettings = {
				ALWAYS_EMBED_SWIFT_STANDARD_LIBRARIES = YES;
				CODE_SIGN_STYLE = Automatic;
				INFOPLIST_FILE = MHDependencyKitTests/Info.plist;
				LD_RUNPATH_SEARCH_PATHS = (
					"$(inherited)",
					"@executable_path/Frameworks",
					"@loader_path/Frameworks",
				);
				PRODUCT_BUNDLE_IDENTIFIER = com.elders.MHDependencyKitTests;
				PRODUCT_NAME = "$(TARGET_NAME)";
				SWIFT_VERSION = 4.0;
				TARGETED_DEVICE_FAMILY = "1,2";
			};
			name = Debug;
		};
		E691D629213D2AE2008A3B2E /* Release */ = {
			isa = XCBuildConfiguration;
			buildSettings = {
				ALWAYS_EMBED_SWIFT_STANDARD_LIBRARIES = YES;
				CODE_SIGN_STYLE = Automatic;
				INFOPLIST_FILE = MHDependencyKitTests/Info.plist;
				LD_RUNPATH_SEARCH_PATHS = (
					"$(inherited)",
					"@executable_path/Frameworks",
					"@loader_path/Frameworks",
				);
				PRODUCT_BUNDLE_IDENTIFIER = com.elders.MHDependencyKitTests;
				PRODUCT_NAME = "$(TARGET_NAME)";
				SWIFT_VERSION = 4.0;
				TARGETED_DEVICE_FAMILY = "1,2";
			};
			name = Release;
		};
/* End XCBuildConfiguration section */

/* Begin XCConfigurationList section */
		E691D60A213D2AE2008A3B2E /* Build configuration list for PBXProject "MHDependencyKit" */ = {
			isa = XCConfigurationList;
			buildConfigurations = (
				E691D622213D2AE2008A3B2E /* Debug */,
				E691D623213D2AE2008A3B2E /* Release */,
			);
			defaultConfigurationIsVisible = 0;
			defaultConfigurationName = Release;
		};
		E691D624213D2AE2008A3B2E /* Build configuration list for PBXNativeTarget "MHDependencyKit" */ = {
			isa = XCConfigurationList;
			buildConfigurations = (
				E691D625213D2AE2008A3B2E /* Debug */,
				E691D626213D2AE2008A3B2E /* Release */,
			);
			defaultConfigurationIsVisible = 0;
			defaultConfigurationName = Release;
		};
		E691D627213D2AE2008A3B2E /* Build configuration list for PBXNativeTarget "MHDependencyKitTests" */ = {
			isa = XCConfigurationList;
			buildConfigurations = (
				E691D628213D2AE2008A3B2E /* Debug */,
				E691D629213D2AE2008A3B2E /* Release */,
			);
			defaultConfigurationIsVisible = 0;
			defaultConfigurationName = Release;
		};
/* End XCConfigurationList section */
	};
	rootObject = E691D607213D2AE2008A3B2E /* Project object */;
}
